// !$*UTF8*$!
{
	archiveVersion = 1;
	classes = {
	};
	objectVersion = 56;
	objects = {

/* Begin PBXBuildFile section */
		A12897162BAC8E8C00E2C415 /* AppDelegate.swift in Sources */ = {isa = PBXBuildFile; fileRef = A12897152BAC8E8C00E2C415 /* AppDelegate.swift */; };
		A12897182BAC8E8C00E2C415 /* SceneDelegate.swift in Sources */ = {isa = PBXBuildFile; fileRef = A12897172BAC8E8C00E2C415 /* SceneDelegate.swift */; };
		A128971A2BAC8E8C00E2C415 /* ViewController.swift in Sources */ = {isa = PBXBuildFile; fileRef = A12897192BAC8E8C00E2C415 /* ViewController.swift */; };
		A128971D2BAC8E8C00E2C415 /* Base in Resources */ = {isa = PBXBuildFile; fileRef = A128971C2BAC8E8C00E2C415 /* Base */; };
		A128971F2BAC8E9200E2C415 /* Assets.xcassets in Resources */ = {isa = PBXBuildFile; fileRef = A128971E2BAC8E9200E2C415 /* Assets.xcassets */; };
		A12897222BAC8E9200E2C415 /* Base in Resources */ = {isa = PBXBuildFile; fileRef = A12897212BAC8E9200E2C415 /* Base */; };
		A128972D2BAC8E9300E2C415 /* sametmaturTests.swift in Sources */ = {isa = PBXBuildFile; fileRef = A128972C2BAC8E9300E2C415 /* sametmaturTests.swift */; };
		A12897372BAC8E9300E2C415 /* sametmaturUITests.swift in Sources */ = {isa = PBXBuildFile; fileRef = A12897362BAC8E9300E2C415 /* sametmaturUITests.swift */; };
		A12897392BAC8E9300E2C415 /* sametmaturUITestsLaunchTests.swift in Sources */ = {isa = PBXBuildFile; fileRef = A12897382BAC8E9300E2C415 /* sametmaturUITestsLaunchTests.swift */; };
		A12897462BAC8EE100E2C415 /* FoodsViewController.swift in Sources */ = {isa = PBXBuildFile; fileRef = A12897452BAC8EE100E2C415 /* FoodsViewController.swift */; };
/* End PBXBuildFile section */

/* Begin PBXContainerItemProxy section */
		A12897292BAC8E9300E2C415 /* PBXContainerItemProxy */ = {
			isa = PBXContainerItemProxy;
			containerPortal = A128970A2BAC8E8C00E2C415 /* Project object */;
			proxyType = 1;
			remoteGlobalIDString = A12897112BAC8E8C00E2C415;
			remoteInfo = sametmatur;
		};
		A12897332BAC8E9300E2C415 /* PBXContainerItemProxy */ = {
			isa = PBXContainerItemProxy;
			containerPortal = A128970A2BAC8E8C00E2C415 /* Project object */;
			proxyType = 1;
			remoteGlobalIDString = A12897112BAC8E8C00E2C415;
			remoteInfo = sametmatur;
		};
/* End PBXContainerItemProxy section */

/* Begin PBXFileReference section */
		A12897122BAC8E8C00E2C415 /* sametmatur.app */ = {isa = PBXFileReference; explicitFileType = wrapper.application; includeInIndex = 0; path = sametmatur.app; sourceTree = BUILT_PRODUCTS_DIR; };
		A12897152BAC8E8C00E2C415 /* AppDelegate.swift */ = {isa = PBXFileReference; lastKnownFileType = sourcecode.swift; path = AppDelegate.swift; sourceTree = "<group>"; };
		A12897172BAC8E8C00E2C415 /* SceneDelegate.swift */ = {isa = PBXFileReference; lastKnownFileType = sourcecode.swift; path = SceneDelegate.swift; sourceTree = "<group>"; };
		A12897192BAC8E8C00E2C415 /* ViewController.swift */ = {isa = PBXFileReference; lastKnownFileType = sourcecode.swift; path = ViewController.swift; sourceTree = "<group>"; };
		A128971C2BAC8E8C00E2C415 /* Base */ = {isa = PBXFileReference; lastKnownFileType = file.storyboard; name = Base; path = Base.lproj/Main.storyboard; sourceTree = "<group>"; };
		A128971E2BAC8E9200E2C415 /* Assets.xcassets */ = {isa = PBXFileReference; lastKnownFileType = folder.assetcatalog; path = Assets.xcassets; sourceTree = "<group>"; };
		A12897212BAC8E9200E2C415 /* Base */ = {isa = PBXFileReference; lastKnownFileType = file.storyboard; name = Base; path = Base.lproj/LaunchScreen.storyboard; sourceTree = "<group>"; };
		A12897232BAC8E9200E2C415 /* Info.plist */ = {isa = PBXFileReference; lastKnownFileType = text.plist.xml; path = Info.plist; sourceTree = "<group>"; };
		A12897282BAC8E9300E2C415 /* sametmaturTests.xctest */ = {isa = PBXFileReference; explicitFileType = wrapper.cfbundle; includeInIndex = 0; path = sametmaturTests.xctest; sourceTree = BUILT_PRODUCTS_DIR; };
		A128972C2BAC8E9300E2C415 /* sametmaturTests.swift */ = {isa = PBXFileReference; lastKnownFileType = sourcecode.swift; path = sametmaturTests.swift; sourceTree = "<group>"; };
		A12897322BAC8E9300E2C415 /* sametmaturUITests.xctest */ = {isa = PBXFileReference; explicitFileType = wrapper.cfbundle; includeInIndex = 0; path = sametmaturUITests.xctest; sourceTree = BUILT_PRODUCTS_DIR; };
		A12897362BAC8E9300E2C415 /* sametmaturUITests.swift */ = {isa = PBXFileReference; lastKnownFileType = sourcecode.swift; path = sametmaturUITests.swift; sourceTree = "<group>"; };
		A12897382BAC8E9300E2C415 /* sametmaturUITestsLaunchTests.swift */ = {isa = PBXFileReference; lastKnownFileType = sourcecode.swift; path = sametmaturUITestsLaunchTests.swift; sourceTree = "<group>"; };
		A12897452BAC8EE100E2C415 /* FoodsViewController.swift */ = {isa = PBXFileReference; lastKnownFileType = sourcecode.swift; path = FoodsViewController.swift; sourceTree = "<group>"; };
/* End PBXFileReference section */

/* Begin PBXFrameworksBuildPhase section */
		A128970F2BAC8E8C00E2C415 /* Frameworks */ = {
			isa = PBXFrameworksBuildPhase;
			buildActionMask = 2147483647;
			files = (
			);
			runOnlyForDeploymentPostprocessing = 0;
		};
		A12897252BAC8E9300E2C415 /* Frameworks */ = {
			isa = PBXFrameworksBuildPhase;
			buildActionMask = 2147483647;
			files = (
			);
			runOnlyForDeploymentPostprocessing = 0;
		};
		A128972F2BAC8E9300E2C415 /* Frameworks */ = {
			isa = PBXFrameworksBuildPhase;
			buildActionMask = 2147483647;
			files = (
			);
			runOnlyForDeploymentPostprocessing = 0;
		};
/* End PBXFrameworksBuildPhase section */

/* Begin PBXGroup section */
		A12897092BAC8E8C00E2C415 = {
			isa = PBXGroup;
			children = (
				A12897142BAC8E8C00E2C415 /* sametmatur */,
				A128972B2BAC8E9300E2C415 /* sametmaturTests */,
				A12897352BAC8E9300E2C415 /* sametmaturUITests */,
				A12897132BAC8E8C00E2C415 /* Products */,
			);
			sourceTree = "<group>";
		};
		A12897132BAC8E8C00E2C415 /* Products */ = {
			isa = PBXGroup;
			children = (
				A12897122BAC8E8C00E2C415 /* sametmatur.app */,
				A12897282BAC8E9300E2C415 /* sametmaturTests.xctest */,
				A12897322BAC8E9300E2C415 /* sametmaturUITests.xctest */,
			);
			name = Products;
			sourceTree = "<group>";
		};
		A12897142BAC8E8C00E2C415 /* sametmatur */ = {
			isa = PBXGroup;
			children = (
				A12897152BAC8E8C00E2C415 /* AppDelegate.swift */,
				A12897172BAC8E8C00E2C415 /* SceneDelegate.swift */,
				A12897192BAC8E8C00E2C415 /* ViewController.swift */,
				A12897452BAC8EE100E2C415 /* FoodsViewController.swift */,
				A128971B2BAC8E8C00E2C415 /* Main.storyboard */,
				A128971E2BAC8E9200E2C415 /* Assets.xcassets */,
				A12897202BAC8E9200E2C415 /* LaunchScreen.storyboard */,
				A12897232BAC8E9200E2C415 /* Info.plist */,
			);
			path = sametmatur;
			sourceTree = "<group>";
		};
		A128972B2BAC8E9300E2C415 /* sametmaturTests */ = {
			isa = PBXGroup;
			children = (
				A128972C2BAC8E9300E2C415 /* sametmaturTests.swift */,
			);
			path = sametmaturTests;
			sourceTree = "<group>";
		};
		A12897352BAC8E9300E2C415 /* sametmaturUITests */ = {
			isa = PBXGroup;
			children = (
				A12897362BAC8E9300E2C415 /* sametmaturUITests.swift */,
				A12897382BAC8E9300E2C415 /* sametmaturUITestsLaunchTests.swift */,
			);
			path = sametmaturUITests;
			sourceTree = "<group>";
		};
/* End PBXGroup section */

/* Begin PBXNativeTarget section */
		A12897112BAC8E8C00E2C415 /* sametmatur */ = {
			isa = PBXNativeTarget;
			buildConfigurationList = A128973C2BAC8E9300E2C415 /* Build configuration list for PBXNativeTarget "sametmatur" */;
			buildPhases = (
				A128970E2BAC8E8C00E2C415 /* Sources */,
				A128970F2BAC8E8C00E2C415 /* Frameworks */,
				A12897102BAC8E8C00E2C415 /* Resources */,
			);
			buildRules = (
			);
			dependencies = (
			);
			name = sametmatur;
			productName = sametmatur;
			productReference = A12897122BAC8E8C00E2C415 /* sametmatur.app */;
			productType = "com.apple.product-type.application";
		};
		A12897272BAC8E9300E2C415 /* sametmaturTests */ = {
			isa = PBXNativeTarget;
			buildConfigurationList = A128973F2BAC8E9300E2C415 /* Build configuration list for PBXNativeTarget "sametmaturTests" */;
			buildPhases = (
				A12897242BAC8E9300E2C415 /* Sources */,
				A12897252BAC8E9300E2C415 /* Frameworks */,
				A12897262BAC8E9300E2C415 /* Resources */,
			);
			buildRules = (
			);
			dependencies = (
				A128972A2BAC8E9300E2C415 /* PBXTargetDependency */,
			);
			name = sametmaturTests;
			productName = sametmaturTests;
			productReference = A12897282BAC8E9300E2C415 /* sametmaturTests.xctest */;
			productType = "com.apple.product-type.bundle.unit-test";
		};
		A12897312BAC8E9300E2C415 /* sametmaturUITests */ = {
			isa = PBXNativeTarget;
			buildConfigurationList = A12897422BAC8E9300E2C415 /* Build configuration list for PBXNativeTarget "sametmaturUITests" */;
			buildPhases = (
				A128972E2BAC8E9300E2C415 /* Sources */,
				A128972F2BAC8E9300E2C415 /* Frameworks */,
				A12897302BAC8E9300E2C415 /* Resources */,
			);
			buildRules = (
			);
			dependencies = (
				A12897342BAC8E9300E2C415 /* PBXTargetDependency */,
			);
			name = sametmaturUITests;
			productName = sametmaturUITests;
			productReference = A12897322BAC8E9300E2C415 /* sametmaturUITests.xctest */;
			productType = "com.apple.product-type.bundle.ui-testing";
		};
/* End PBXNativeTarget section */

/* Begin PBXProject section */
		A128970A2BAC8E8C00E2C415 /* Project object */ = {
			isa = PBXProject;
			attributes = {
				BuildIndependentTargetsInParallel = 1;
				LastSwiftUpdateCheck = 1530;
				LastUpgradeCheck = 1530;
				TargetAttributes = {
					A12897112BAC8E8C00E2C415 = {
						CreatedOnToolsVersion = 15.3;
					};
					A12897272BAC8E9300E2C415 = {
						CreatedOnToolsVersion = 15.3;
						TestTargetID = A12897112BAC8E8C00E2C415;
					};
					A12897312BAC8E9300E2C415 = {
						CreatedOnToolsVersion = 15.3;
						TestTargetID = A12897112BAC8E8C00E2C415;
					};
				};
			};
			buildConfigurationList = A128970D2BAC8E8C00E2C415 /* Build configuration list for PBXProject "sametmatur" */;
			compatibilityVersion = "Xcode 14.0";
			developmentRegion = en;
			hasScannedForEncodings = 0;
			knownRegions = (
				en,
				Base,
			);
			mainGroup = A12897092BAC8E8C00E2C415;
			productRefGroup = A12897132BAC8E8C00E2C415 /* Products */;
			projectDirPath = "";
			projectRoot = "";
			targets = (
				A12897112BAC8E8C00E2C415 /* sametmatur */,
				A12897272BAC8E9300E2C415 /* sametmaturTests */,
				A12897312BAC8E9300E2C415 /* sametmaturUITests */,
			);
		};
/* End PBXProject section */

/* Begin PBXResourcesBuildPhase section */
		A12897102BAC8E8C00E2C415 /* Resources */ = {
			isa = PBXResourcesBuildPhase;
			buildActionMask = 2147483647;
			files = (
				A128971F2BAC8E9200E2C415 /* Assets.xcassets in Resources */,
				A12897222BAC8E9200E2C415 /* Base in Resources */,
				A128971D2BAC8E8C00E2C415 /* Base in Resources */,
			);
			runOnlyForDeploymentPostprocessing = 0;
		};
		A12897262BAC8E9300E2C415 /* Resources */ = {
			isa = PBXResourcesBuildPhase;
			buildActionMask = 2147483647;
			files = (
			);
			runOnlyForDeploymentPostprocessing = 0;
		};
		A12897302BAC8E9300E2C415 /* Resources */ = {
			isa = PBXResourcesBuildPhase;
			buildActionMask = 2147483647;
			files = (
			);
			runOnlyForDeploymentPostprocessing = 0;
		};
/* End PBXResourcesBuildPhase section */

/* Begin PBXSourcesBuildPhase section */
		A128970E2BAC8E8C00E2C415 /* Sources */ = {
			isa = PBXSourcesBuildPhase;
			buildActionMask = 2147483647;
			files = (
				A128971A2BAC8E8C00E2C415 /* ViewController.swift in Sources */,
				A12897162BAC8E8C00E2C415 /* AppDelegate.swift in Sources */,
				A12897462BAC8EE100E2C415 /* FoodsViewController.swift in Sources */,
				A12897182BAC8E8C00E2C415 /* SceneDelegate.swift in Sources */,
			);
			runOnlyForDeploymentPostprocessing = 0;
		};
		A12897242BAC8E9300E2C415 /* Sources */ = {
			isa = PBXSourcesBuildPhase;
			buildActionMask = 2147483647;
			files = (
				A128972D2BAC8E9300E2C415 /* sametmaturTests.swift in Sources */,
			);
			runOnlyForDeploymentPostprocessing = 0;
		};
		A128972E2BAC8E9300E2C415 /* Sources */ = {
			isa = PBXSourcesBuildPhase;
			buildActionMask = 2147483647;
			files = (
				A12897372BAC8E9300E2C415 /* sametmaturUITests.swift in Sources */,
				A12897392BAC8E9300E2C415 /* sametmaturUITestsLaunchTests.swift in Sources */,
			);
			runOnlyForDeploymentPostprocessing = 0;
		};
/* End PBXSourcesBuildPhase section */

/* Begin PBXTargetDependency section */
		A128972A2BAC8E9300E2C415 /* PBXTargetDependency */ = {
			isa = PBXTargetDependency;
			target = A12897112BAC8E8C00E2C415 /* sametmatur */;
			targetProxy = A12897292BAC8E9300E2C415 /* PBXContainerItemProxy */;
		};
		A12897342BAC8E9300E2C415 /* PBXTargetDependency */ = {
			isa = PBXTargetDependency;
			target = A12897112BAC8E8C00E2C415 /* sametmatur */;
			targetProxy = A12897332BAC8E9300E2C415 /* PBXContainerItemProxy */;
		};
/* End PBXTargetDependency section */

/* Begin PBXVariantGroup section */
		A128971B2BAC8E8C00E2C415 /* Main.storyboard */ = {
			isa = PBXVariantGroup;
			children = (
				A128971C2BAC8E8C00E2C415 /* Base */,
			);
			name = Main.storyboard;
			sourceTree = "<group>";
		};
		A12897202BAC8E9200E2C415 /* LaunchScreen.storyboard */ = {
			isa = PBXVariantGroup;
			children = (
				A12897212BAC8E9200E2C415 /* Base */,
			);
			name = LaunchScreen.storyboard;
			sourceTree = "<group>";
		};
/* End PBXVariantGroup section */

/* Begin XCBuildConfiguration section */
		A128973A2BAC8E9300E2C415 /* Debug */ = {
			isa = XCBuildConfiguration;
			buildSettings = {
				ALWAYS_SEARCH_USER_PATHS = NO;
				ASSETCATALOG_COMPILER_GENERATE_SWIFT_ASSET_SYMBOL_EXTENSIONS = YES;
				CLANG_ANALYZER_NONNULL = YES;
				CLANG_ANALYZER_NUMBER_OBJECT_CONVERSION = YES_AGGRESSIVE;
				CLANG_CXX_LANGUAGE_STANDARD = "gnu++20";
				CLANG_ENABLE_MODULES = YES;
				CLANG_ENABLE_OBJC_ARC = YES;
				CLANG_ENABLE_OBJC_WEAK = YES;
				CLANG_WARN_BLOCK_CAPTURE_AUTORELEASING = YES;
				CLANG_WARN_BOOL_CONVERSION = YES;
				CLANG_WARN_COMMA = YES;
				CLANG_WARN_CONSTANT_CONVERSION = YES;
				CLANG_WARN_DEPRECATED_OBJC_IMPLEMENTATIONS = YES;
				CLANG_WARN_DIRECT_OBJC_ISA_USAGE = YES_ERROR;
				CLANG_WARN_DOCUMENTATION_COMMENTS = YES;
				CLANG_WARN_EMPTY_BODY = YES;
				CLANG_WARN_ENUM_CONVERSION = YES;
				CLANG_WARN_INFINITE_RECURSION = YES;
				CLANG_WARN_INT_CONVERSION = YES;
				CLANG_WARN_NON_LITERAL_NULL_CONVERSION = YES;
				CLANG_WARN_OBJC_IMPLICIT_RETAIN_SELF = YES;
				CLANG_WARN_OBJC_LITERAL_CONVERSION = YES;
				CLANG_WARN_OBJC_ROOT_CLASS = YES_ERROR;
				CLANG_WARN_QUOTED_INCLUDE_IN_FRAMEWORK_HEADER = YES;
				CLANG_WARN_RANGE_LOOP_ANALYSIS = YES;
				CLANG_WARN_STRICT_PROTOTYPES = YES;
				CLANG_WARN_SUSPICIOUS_MOVE = YES;
				CLANG_WARN_UNGUARDED_AVAILABILITY = YES_AGGRESSIVE;
				CLANG_WARN_UNREACHABLE_CODE = YES;
				CLANG_WARN__DUPLICATE_METHOD_MATCH = YES;
				COPY_PHASE_STRIP = NO;
				DEBUG_INFORMATION_FORMAT = dwarf;
				ENABLE_STRICT_OBJC_MSGSEND = YES;
				ENABLE_TESTABILITY = YES;
				ENABLE_USER_SCRIPT_SANDBOXING = YES;
				GCC_C_LANGUAGE_STANDARD = gnu17;
				GCC_DYNAMIC_NO_PIC = NO;
				GCC_NO_COMMON_BLOCKS = YES;
				GCC_OPTIMIZATION_LEVEL = 0;
				GCC_PREPROCESSOR_DEFINITIONS = (
					"DEBUG=1",
					"$(inherited)",
				);
				GCC_WARN_64_TO_32_BIT_CONVERSION = YES;
				GCC_WARN_ABOUT_RETURN_TYPE = YES_ERROR;
				GCC_WARN_UNDECLARED_SELECTOR = YES;
				GCC_WARN_UNINITIALIZED_AUTOS = YES_AGGRESSIVE;
				GCC_WARN_UNUSED_FUNCTION = YES;
				GCC_WARN_UNUSED_VARIABLE = YES;
				IPHONEOS_DEPLOYMENT_TARGET = 17.4;
				LOCALIZATION_PREFERS_STRING_CATALOGS = YES;
				MTL_ENABLE_DEBUG_INFO = INCLUDE_SOURCE;
				MTL_FAST_MATH = YES;
				ONLY_ACTIVE_ARCH = YES;
				SDKROOT = iphoneos;
				SWIFT_ACTIVE_COMPILATION_CONDITIONS = "DEBUG $(inherited)";
				SWIFT_OPTIMIZATION_LEVEL = "-Onone";
			};
			name = Debug;
		};
		A128973B2BAC8E9300E2C415 /* Release */ = {
			isa = XCBuildConfiguration;
			buildSettings = {
				ALWAYS_SEARCH_USER_PATHS = NO;
				ASSETCATALOG_COMPILER_GENERATE_SWIFT_ASSET_SYMBOL_EXTENSIONS = YES;
				CLANG_ANALYZER_NONNULL = YES;
				CLANG_ANALYZER_NUMBER_OBJECT_CONVERSION = YES_AGGRESSIVE;
				CLANG_CXX_LANGUAGE_STANDARD = "gnu++20";
				CLANG_ENABLE_MODULES = YES;
				CLANG_ENABLE_OBJC_ARC = YES;
				CLANG_ENABLE_OBJC_WEAK = YES;
				CLANG_WARN_BLOCK_CAPTURE_AUTORELEASING = YES;
				CLANG_WARN_BOOL_CONVERSION = YES;
				CLANG_WARN_COMMA = YES;
				CLANG_WARN_CONSTANT_CONVERSION = YES;
				CLANG_WARN_DEPRECATED_OBJC_IMPLEMENTATIONS = YES;
				CLANG_WARN_DIRECT_OBJC_ISA_USAGE = YES_ERROR;
				CLANG_WARN_DOCUMENTATION_COMMENTS = YES;
				CLANG_WARN_EMPTY_BODY = YES;
				CLANG_WARN_ENUM_CONVERSION = YES;
				CLANG_WARN_INFINITE_RECURSION = YES;
				CLANG_WARN_INT_CONVERSION = YES;
				CLANG_WARN_NON_LITERAL_NULL_CONVERSION = YES;
				CLANG_WARN_OBJC_IMPLICIT_RETAIN_SELF = YES;
				CLANG_WARN_OBJC_LITERAL_CONVERSION = YES;
				CLANG_WARN_OBJC_ROOT_CLASS = YES_ERROR;
				CLANG_WARN_QUOTED_INCLUDE_IN_FRAMEWORK_HEADER = YES;
				CLANG_WARN_RANGE_LOOP_ANALYSIS = YES;
				CLANG_WARN_STRICT_PROTOTYPES = YES;
				CLANG_WARN_SUSPICIOUS_MOVE = YES;
				CLANG_WARN_UNGUARDED_AVAILABILITY = YES_AGGRESSIVE;
				CLANG_WARN_UNREACHABLE_CODE = YES;
				CLANG_WARN__DUPLICATE_METHOD_MATCH = YES;
				COPY_PHASE_STRIP = NO;
				DEBUG_INFORMATION_FORMAT = "dwarf-with-dsym";
				ENABLE_NS_ASSERTIONS = NO;
				ENABLE_STRICT_OBJC_MSGSEND = YES;
				ENABLE_USER_SCRIPT_SANDBOXING = YES;
				GCC_C_LANGUAGE_STANDARD = gnu17;
				GCC_NO_COMMON_BLOCKS = YES;
				GCC_WARN_64_TO_32_BIT_CONVERSION = YES;
				GCC_WARN_ABOUT_RETURN_TYPE = YES_ERROR;
				GCC_WARN_UNDECLARED_SELECTOR = YES;
				GCC_WARN_UNINITIALIZED_AUTOS = YES_AGGRESSIVE;
				GCC_WARN_UNUSED_FUNCTION = YES;
				GCC_WARN_UNUSED_VARIABLE = YES;
				IPHONEOS_DEPLOYMENT_TARGET = 17.4;
				LOCALIZATION_PREFERS_STRING_CATALOGS = YES;
				MTL_ENABLE_DEBUG_INFO = NO;
				MTL_FAST_MATH = YES;
				SDKROOT = iphoneos;
				SWIFT_COMPILATION_MODE = wholemodule;
				VALIDATE_PRODUCT = YES;
			};
			name = Release;
		};
		A128973D2BAC8E9300E2C415 /* Debug */ = {
			isa = XCBuildConfiguration;
			buildSettings = {
				ASSETCATALOG_COMPILER_APPICON_NAME = AppIcon;
				ASSETCATALOG_COMPILER_GLOBAL_ACCENT_COLOR_NAME = AccentColor;
				CODE_SIGN_STYLE = Automatic;
				CURRENT_PROJECT_VERSION = 1;
				GENERATE_INFOPLIST_FILE = YES;
				INFOPLIST_FILE = sametmatur/Info.plist;
				INFOPLIST_KEY_UIApplicationSupportsIndirectInputEvents = YES;
				INFOPLIST_KEY_UILaunchStoryboardName = LaunchScreen;
				INFOPLIST_KEY_UIMainStoryboardFile = Main;
				INFOPLIST_KEY_UISupportedInterfaceOrientations_iPad = "UIInterfaceOrientationPortrait UIInterfaceOrientationPortraitUpsideDown UIInterfaceOrientationLandscapeLeft UIInterfaceOrientationLandscapeRight";
				INFOPLIST_KEY_UISupportedInterfaceOrientations_iPhone = "UIInterfaceOrientationPortrait UIInterfaceOrientationLandscapeLeft UIInterfaceOrientationLandscapeRight";
				LD_RUNPATH_SEARCH_PATHS = (
					"$(inherited)",
					"@executable_path/Frameworks",
				);
				MARKETING_VERSION = 1.0;
				PRODUCT_BUNDLE_IDENTIFIER = OkanUniversity.sametmatur;
				PRODUCT_NAME = "$(TARGET_NAME)";
				SWIFT_EMIT_LOC_STRINGS = YES;
				SWIFT_VERSION = 5.0;
				TARGETED_DEVICE_FAMILY = "1,2";
			};
			name = Debug;
		};
		A128973E2BAC8E9300E2C415 /* Release */ = {
			isa = XCBuildConfiguration;
			buildSettings = {
				ASSETCATALOG_COMPILER_APPICON_NAME = AppIcon;
				ASSETCATALOG_COMPILER_GLOBAL_ACCENT_COLOR_NAME = AccentColor;
				CODE_SIGN_STYLE = Automatic;
				CURRENT_PROJECT_VERSION = 1;
				GENERATE_INFOPLIST_FILE = YES;
				INFOPLIST_FILE = sametmatur/Info.plist;
				INFOPLIST_KEY_UIApplicationSupportsIndirectInputEvents = YES;
				INFOPLIST_KEY_UILaunchStoryboardName = LaunchScreen;
				INFOPLIST_KEY_UIMainStoryboardFile = Main;
				INFOPLIST_KEY_UISupportedInterfaceOrientations_iPad = "UIInterfaceOrientationPortrait UIInterfaceOrientationPortraitUpsideDown UIInterfaceOrientationLandscapeLeft UIInterfaceOrientationLandscapeRight";
				INFOPLIST_KEY_UISupportedInterfaceOrientations_iPhone = "UIInterfaceOrientationPortrait UIInterfaceOrientationLandscapeLeft UIInterfaceOrientationLandscapeRight";
				LD_RUNPATH_SEARCH_PATHS = (
					"$(inherited)",
					"@executable_path/Frameworks",
				);
				MARKETING_VERSION = 1.0;
				PRODUCT_BUNDLE_IDENTIFIER = OkanUniversity.sametmatur;
				PRODUCT_NAME = "$(TARGET_NAME)";
				SWIFT_EMIT_LOC_STRINGS = YES;
				SWIFT_VERSION = 5.0;
				TARGETED_DEVICE_FAMILY = "1,2";
			};
			name = Release;
		};
		A12897402BAC8E9300E2C415 /* Debug */ = {
			isa = XCBuildConfiguration;
			buildSettings = {
				ALWAYS_EMBED_SWIFT_STANDARD_LIBRARIES = YES;
				BUNDLE_LOADER = "$(TEST_HOST)";
				CODE_SIGN_STYLE = Automatic;
				CURRENT_PROJECT_VERSION = 1;
				GENERATE_INFOPLIST_FILE = YES;
				IPHONEOS_DEPLOYMENT_TARGET = 17.4;
				MARKETING_VERSION = 1.0;
				PRODUCT_BUNDLE_IDENTIFIER = OkanUniversity.sametmaturTests;
				PRODUCT_NAME = "$(TARGET_NAME)";
				SWIFT_EMIT_LOC_STRINGS = NO;
				SWIFT_VERSION = 5.0;
				TARGETED_DEVICE_FAMILY = "1,2";
				TEST_HOST = "$(BUILT_PRODUCTS_DIR)/sametmatur.app/$(BUNDLE_EXECUTABLE_FOLDER_PATH)/sametmatur";
			};
			name = Debug;
		};
		A12897412BAC8E9300E2C415 /* Release */ = {
			isa = XCBuildConfiguration;
			buildSettings = {
				ALWAYS_EMBED_SWIFT_STANDARD_LIBRARIES = YES;
				BUNDLE_LOADER = "$(TEST_HOST)";
				CODE_SIGN_STYLE = Automatic;
				CURRENT_PROJECT_VERSION = 1;
				GENERATE_INFOPLIST_FILE = YES;
				IPHONEOS_DEPLOYMENT_TARGET = 17.4;
				MARKETING_VERSION = 1.0;
				PRODUCT_BUNDLE_IDENTIFIER = OkanUniversity.sametmaturTests;
				PRODUCT_NAME = "$(TARGET_NAME)";
				SWIFT_EMIT_LOC_STRINGS = NO;
				SWIFT_VERSION = 5.0;
				TARGETED_DEVICE_FAMILY = "1,2";
				TEST_HOST = "$(BUILT_PRODUCTS_DIR)/sametmatur.app/$(BUNDLE_EXECUTABLE_FOLDER_PATH)/sametmatur";
			};
			name = Release;
		};
		A12897432BAC8E9300E2C415 /* Debug */ = {
			isa = XCBuildConfiguration;
			buildSettings = {
				ALWAYS_EMBED_SWIFT_STANDARD_LIBRARIES = YES;
				CODE_SIGN_STYLE = Automatic;
				CURRENT_PROJECT_VERSION = 1;
				GENERATE_INFOPLIST_FILE = YES;
				MARKETING_VERSION = 1.0;
				PRODUCT_BUNDLE_IDENTIFIER = OkanUniversity.sametmaturUITests;
				PRODUCT_NAME = "$(TARGET_NAME)";
				SWIFT_EMIT_LOC_STRINGS = NO;
				SWIFT_VERSION = 5.0;
				TARGETED_DEVICE_FAMILY = "1,2";
				TEST_TARGET_NAME = sametmatur;
			};
			name = Debug;
		};
		A12897442BAC8E9300E2C415 /* Release */ = {
			isa = XCBuildConfiguration;
			buildSettings = {
				ALWAYS_EMBED_SWIFT_STANDARD_LIBRARIES = YES;
				CODE_SIGN_STYLE = Automatic;
				CURRENT_PROJECT_VERSION = 1;
				GENERATE_INFOPLIST_FILE = YES;
				MARKETING_VERSION = 1.0;
				PRODUCT_BUNDLE_IDENTIFIER = OkanUniversity.sametmaturUITests;
				PRODUCT_NAME = "$(TARGET_NAME)";
				SWIFT_EMIT_LOC_STRINGS = NO;
				SWIFT_VERSION = 5.0;
				TARGETED_DEVICE_FAMILY = "1,2";
				TEST_TARGET_NAME = sametmatur;
			};
			name = Release;
		};
/* End XCBuildConfiguration section */

/* Begin XCConfigurationList section */
		A128970D2BAC8E8C00E2C415 /* Build configuration list for PBXProject "sametmatur" */ = {
			isa = XCConfigurationList;
			buildConfigurations = (
				A128973A2BAC8E9300E2C415 /* Debug */,
				A128973B2BAC8E9300E2C415 /* Release */,
			);
			defaultConfigurationIsVisible = 0;
			defaultConfigurationName = Release;
		};
		A128973C2BAC8E9300E2C415 /* Build configuration list for PBXNativeTarget "sametmatur" */ = {
			isa = XCConfigurationList;
			buildConfigurations = (
				A128973D2BAC8E9300E2C415 /* Debug */,
				A128973E2BAC8E9300E2C415 /* Release */,
			);
			defaultConfigurationIsVisible = 0;
			defaultConfigurationName = Release;
		};
		A128973F2BAC8E9300E2C415 /* Build configuration list for PBXNativeTarget "sametmaturTests" */ = {
			isa = XCConfigurationList;
			buildConfigurations = (
				A12897402BAC8E9300E2C415 /* Debug */,
				A12897412BAC8E9300E2C415 /* Release */,
			);
			defaultConfigurationIsVisible = 0;
			defaultConfigurationName = Release;
		};
		A12897422BAC8E9300E2C415 /* Build configuration list for PBXNativeTarget "sametmaturUITests" */ = {
			isa = XCConfigurationList;
			buildConfigurations = (
				A12897432BAC8E9300E2C415 /* Debug */,
				A12897442BAC8E9300E2C415 /* Release */,
			);
			defaultConfigurationIsVisible = 0;
			defaultConfigurationName = Release;
		};
/* End XCConfigurationList section */
	};
	rootObject = A128970A2BAC8E8C00E2C415 /* Project object */;
}
